<?xml version="1.0" encoding="utf-8"?>
<Project ToolsVersion="4.0" xmlns="http://schemas.microsoft.com/developer/msbuild/2003">
  <ItemGroup>
    <Filter Include="源文件">
      <UniqueIdentifier>{4FC737F1-C7A5-4376-A066-2A32D752A2FF}</UniqueIdentifier>
      <Extensions>cpp;c;cc;cxx;c++;def;odl;idl;hpj;bat;asm;asmx</Extensions>
    </Filter>
    <Filter Include="头文件">
      <UniqueIdentifier>{93995380-89BD-4b04-88EB-625FBE52EBFB}</UniqueIdentifier>
      <Extensions>h;hh;hpp;hxx;h++;hm;inl;inc;ipp;xsd</Extensions>
    </Filter>
    <Filter Include="资源文件">
      <UniqueIdentifier>{67DA6AB6-F800-4c08-8B7A-83BB121AAD01}</UniqueIdentifier>
      <Extensions>rc;ico;cur;bmp;dlg;rc2;rct;bin;rgs;gif;jpg;jpeg;jpe;resx;tiff;tif;png;wav;mfcribbon-ms</Extensions>
    </Filter>
    <Filter Include="ThridParty">
      <UniqueIdentifier>{9b70926a-21ac-4125-94ba-3c2116cb748a}</UniqueIdentifier>
    </Filter>
  </ItemGroup>
  <ItemGroup>
    <ClCompile Include="d3dApp.cpp">
      <Filter>源文件</Filter>
    </ClCompile>
    <ClCompile Include="main.cpp">
      <Filter>源文件</Filter>
    </ClCompile>
    <ClCompile Include="GameApp.cpp">
      <Filter>源文件</Filter>
    </ClCompile>
    <ClCompile Include="ThridParty\DXTrace.cpp">
      <Filter>ThridParty</Filter>
    </ClCompile>
    <ClCompile Include="ThridParty\GameTimer.cpp">
      <Filter>ThridParty</Filter>
    </ClCompile>
    <ClCompile Include="ThridParty\Keyboard.cpp">
      <Filter>ThridParty</Filter>
    </ClCompile>
    <ClCompile Include="ThridParty\Mouse.cpp">
      <Filter>ThridParty</Filter>
    </ClCompile>
  </ItemGroup>
  <ItemGroup>
    <ClInclude Include="d3dApp.h">
      <Filter>头文件</Filter>
    </ClInclude>
    <ClInclude Include="GameApp.h">
      <Filter>头文件</Filter>
    </ClInclude>
    <ClInclude Include="ThridParty\Mouse.h">
      <Filter>ThridParty</Filter>
    </ClInclude>
    <ClInclude Include="ThridParty\Keyboard.h">
      <Filter>ThridParty</Filter>
    </ClInclude>
    <ClInclude Include="ThridParty\GameTimer.h">
      <Filter>ThridParty</Filter>
    </ClInclude>
    <ClInclude Include="ThridParty\DXTrace.h">
      <Filter>ThridParty</Filter>
    </ClInclude>
  </ItemGroup>
</Project>