<?xml version="1.0" encoding="utf-8"?>
<Project ToolsVersion="4.0" xmlns="http://schemas.microsoft.com/developer/msbuild/2003">
  <ItemGroup>
    <Filter Include="源文件">
      <UniqueIdentifier>{4FC737F1-C7A5-4376-A066-2A32D752A2FF}</UniqueIdentifier>
      <Extensions>cpp;c;cc;cxx;c++;def;odl;idl;hpj;bat;asm;asmx</Extensions>
    </Filter>
    <Filter Include="头文件">
      <UniqueIdentifier>{93995380-89BD-4b04-88EB-625FBE52EBFB}</UniqueIdentifier>
      <Extensions>h;hh;hpp;hxx;h++;hm;inl;inc;ipp;xsd</Extensions>
    </Filter>
    <Filter Include="资源文件">
      <UniqueIdentifier>{67DA6AB6-F800-4c08-8B7A-83BB121AAD01}</UniqueIdentifier>
      <Extensions>rc;ico;cur;bmp;dlg;rc2;rct;bin;rgs;gif;jpg;jpeg;jpe;resx;tiff;tif;png;wav;mfcribbon-ms</Extensions>
    </Filter>
    <Filter Include="shader">
      <UniqueIdentifier>{05234cff-3973-419b-9b23-d4a70fb6aab9}</UniqueIdentifier>
    </Filter>
    <Filter Include="shader\Ex9">
      <UniqueIdentifier>{cbb3d261-a07d-485b-a583-bb68bd6d897c}</UniqueIdentifier>
    </Filter>
    <Filter Include="shader\Ex7">
      <UniqueIdentifier>{689441a6-1206-4910-9477-4e64cdf2e8b7}</UniqueIdentifier>
    </Filter>
    <Filter Include="头文件\Generic">
      <UniqueIdentifier>{1507d38d-a0b7-4441-a30f-4d65d5930162}</UniqueIdentifier>
    </Filter>
    <Filter Include="源文件\Generic">
      <UniqueIdentifier>{db80c48f-a449-407c-b411-5894ac85cd48}</UniqueIdentifier>
    </Filter>
    <Filter Include="shader\Ex10">
      <UniqueIdentifier>{97ecd07f-497b-4b2e-a891-e4c9e8573432}</UniqueIdentifier>
    </Filter>
    <Filter Include="Effect">
      <UniqueIdentifier>{e14334c5-b80a-497f-b170-cf7293d7e882}</UniqueIdentifier>
    </Filter>
    <Filter Include="shader\Ex13">
      <UniqueIdentifier>{0fb61b82-1b34-4293-968a-07bdd88a007f}</UniqueIdentifier>
    </Filter>
    <Filter Include="ThridParty">
      <UniqueIdentifier>{008cf6cf-8b0c-43b3-b190-9d1b64a68b57}</UniqueIdentifier>
    </Filter>
    <Filter Include="Instances">
      <UniqueIdentifier>{f33e2e88-1f31-4072-8a4e-713879572c66}</UniqueIdentifier>
    </Filter>
  </ItemGroup>
  <ItemGroup>
    <ClInclude Include="Transform.h">
      <Filter>头文件</Filter>
    </ClInclude>
    <ClInclude Include="Camera.h">
      <Filter>头文件</Filter>
    </ClInclude>
    <ClInclude Include="d3dApp.h">
      <Filter>头文件\Generic</Filter>
    </ClInclude>
    <ClInclude Include="light.h">
      <Filter>头文件\Generic</Filter>
    </ClInclude>
    <ClInclude Include="resource.h">
      <Filter>头文件\Generic</Filter>
    </ClInclude>
    <ClInclude Include="Vertex.h">
      <Filter>头文件\Generic</Filter>
    </ClInclude>
    <ClInclude Include="CBuffer.h">
      <Filter>头文件</Filter>
    </ClInclude>
    <ClInclude Include="RenderStates.h">
      <Filter>头文件</Filter>
    </ClInclude>
    <ClInclude Include="GameObject.h">
      <Filter>头文件</Filter>
    </ClInclude>
    <ClInclude Include="EffectHelper.h">
      <Filter>Effect</Filter>
    </ClInclude>
    <ClInclude Include="Effects.h">
      <Filter>Effect</Filter>
    </ClInclude>
    <ClInclude Include="ObjReader.h">
      <Filter>头文件</Filter>
    </ClInclude>
    <ClInclude Include="Model.h">
      <Filter>头文件</Filter>
    </ClInclude>
    <ClInclude Include="Importer.h">
      <Filter>头文件</Filter>
    </ClInclude>
    <ClInclude Include="ThridParty\WICTextureLoader.h">
      <Filter>ThridParty</Filter>
    </ClInclude>
    <ClInclude Include="ThridParty\Mouse.h">
      <Filter>ThridParty</Filter>
    </ClInclude>
    <ClInclude Include="ThridParty\Keyboard.h">
      <Filter>ThridParty</Filter>
    </ClInclude>
    <ClInclude Include="ThridParty\Geometry.h">
      <Filter>ThridParty</Filter>
    </ClInclude>
    <ClInclude Include="ThridParty\GameTimer.h">
      <Filter>ThridParty</Filter>
    </ClInclude>
    <ClInclude Include="ThridParty\DXTrace.h">
      <Filter>ThridParty</Filter>
    </ClInclude>
    <ClInclude Include="ThridParty\DDSTextureLoader.h">
      <Filter>ThridParty</Filter>
    </ClInclude>
    <ClInclude Include="ThridParty\d3dUtil.h">
      <Filter>ThridParty</Filter>
    </ClInclude>
    <ClInclude Include="Ex9Tex.h">
      <Filter>Instances</Filter>
    </ClInclude>
    <ClInclude Include="Ex7Light.h">
      <Filter>Instances</Filter>
    </ClInclude>
    <ClInclude Include="Ex10Camera.h">
      <Filter>Instances</Filter>
    </ClInclude>
    <ClInclude Include="Ex13Shadow.h">
      <Filter>Instances</Filter>
    </ClInclude>
    <ClInclude Include="Ex19ReadObj.h">
      <Filter>Instances</Filter>
    </ClInclude>
    <ClInclude Include="TestSponza.h">
      <Filter>Instances</Filter>
    </ClInclude>
    <ClInclude Include="TestVLM.h">
      <Filter>Instances</Filter>
    </ClInclude>
  </ItemGroup>
  <ItemGroup>
    <ClCompile Include="Transform.cpp">
      <Filter>源文件</Filter>
    </ClCompile>
    <ClCompile Include="Camera.cpp">
      <Filter>源文件</Filter>
    </ClCompile>
    <ClCompile Include="d3dApp.cpp">
      <Filter>源文件\Generic</Filter>
    </ClCompile>
    <ClCompile Include="Main.cpp">
      <Filter>源文件\Generic</Filter>
    </ClCompile>
    <ClCompile Include="Vertex.cpp">
      <Filter>源文件\Generic</Filter>
    </ClCompile>
    <ClCompile Include="RenderStates.cpp">
      <Filter>源文件</Filter>
    </ClCompile>
    <ClCompile Include="GameObject.cpp">
      <Filter>源文件</Filter>
    </ClCompile>
    <ClCompile Include="BasicEffect.cpp">
      <Filter>Effect</Filter>
    </ClCompile>
    <ClCompile Include="ObjReader.cpp">
      <Filter>源文件</Filter>
    </ClCompile>
    <ClCompile Include="Model.cpp">
      <Filter>源文件</Filter>
    </ClCompile>
    <ClCompile Include="Importer.cpp">
      <Filter>源文件</Filter>
    </ClCompile>
    <ClCompile Include="ThridParty\WICTextureLoader.cpp">
      <Filter>ThridParty</Filter>
    </ClCompile>
    <ClCompile Include="ThridParty\Mouse.cpp">
      <Filter>ThridParty</Filter>
    </ClCompile>
    <ClCompile Include="ThridParty\Keyboard.cpp">
      <Filter>ThridParty</Filter>
    </ClCompile>
    <ClCompile Include="ThridParty\Geometry.cpp">
      <Filter>ThridParty</Filter>
    </ClCompile>
    <ClCompile Include="ThridParty\GameTimer.cpp">
      <Filter>ThridParty</Filter>
    </ClCompile>
    <ClCompile Include="ThridParty\DXTrace.cpp">
      <Filter>ThridParty</Filter>
    </ClCompile>
    <ClCompile Include="ThridParty\DDSTextureLoader.cpp">
      <Filter>ThridParty</Filter>
    </ClCompile>
    <ClCompile Include="ThridParty\d3dUtil.cpp">
      <Filter>ThridParty</Filter>
    </ClCompile>
    <ClCompile Include="Ex7Light.cpp">
      <Filter>Instances</Filter>
    </ClCompile>
    <ClCompile Include="Ex9Tex.cpp">
      <Filter>Instances</Filter>
    </ClCompile>
    <ClCompile Include="Ex10Camera.cpp">
      <Filter>Instances</Filter>
    </ClCompile>
    <ClCompile Include="Ex13Shadow.cpp">
      <Filter>Instances</Filter>
    </ClCompile>
    <ClCompile Include="Ex19ReadObj.cpp">
      <Filter>Instances</Filter>
    </ClCompile>
    <ClCompile Include="TestSponza.cpp">
      <Filter>Instances</Filter>
    </ClCompile>
    <ClCompile Include="TestVLM.cpp">
      <Filter>Instances</Filter>
    </ClCompile>
  </ItemGroup>
  <ItemGroup>
    <None Include=".gitignore" />
    <None Include="HLSL\Basic.hlsli">
      <Filter>shader\Ex9</Filter>
    </None>
    <None Include="HLSL\Shape.hlsli">
      <Filter>shader\Ex7</Filter>
    </None>
    <None Include="HLSL\Ex13_CBuffers.hlsli">
      <Filter>shader\Ex13</Filter>
    </None>
    <None Include="HLSL\CBuffer.hlsli">
      <Filter>shader\Ex10</Filter>
    </None>
    <None Include="HLSL\TestVLM.hlsli">
      <Filter>shader</Filter>
    </None>
    <None Include="HLSL\LightHelper.hlsli">
      <Filter>shader\Ex13</Filter>
    </None>
    <None Include="HLSL\SHComputer.hlsli">
      <Filter>shader</Filter>
    </None>
    <None Include="HLSL\SHLight.hlsli">
      <Filter>shader</Filter>
    </None>
  </ItemGroup>
  <ItemGroup>
    <FxCompile Include="HLSL\PixelShader.hlsl">
      <Filter>shader\Ex7</Filter>
    </FxCompile>
    <FxCompile Include="HLSL\VertexShader.hlsl">
      <Filter>shader\Ex7</Filter>
    </FxCompile>
    <FxCompile Include="HLSL\Ex13_PS3D.hlsl">
      <Filter>shader\Ex13</Filter>
    </FxCompile>
    <FxCompile Include="HLSL\Ex13_PS2D.hlsl">
      <Filter>shader\Ex13</Filter>
    </FxCompile>
    <FxCompile Include="HLSL\Ex13_VS3D.hlsl">
      <Filter>shader\Ex13</Filter>
    </FxCompile>
    <FxCompile Include="HLSL\Ex13_VS2D.hlsl">
      <Filter>shader\Ex13</Filter>
    </FxCompile>
    <FxCompile Include="HLSL\Basic_PS_2D.hlsl">
      <Filter>shader\Ex10</Filter>
    </FxCompile>
    <FxCompile Include="HLSL\Basic_PS_3D.hlsl">
      <Filter>shader\Ex10</Filter>
    </FxCompile>
    <FxCompile Include="HLSL\Basic_VS_2D.hlsl">
      <Filter>shader\Ex10</Filter>
    </FxCompile>
    <FxCompile Include="HLSL\Basic_VS_3D.hlsl">
      <Filter>shader\Ex10</Filter>
    </FxCompile>
    <FxCompile Include="HLSL\TestVLM_PS3D.hlsl">
      <Filter>shader</Filter>
    </FxCompile>
    <FxCompile Include="HLSL\TestVLM_VS3D.hlsl">
      <Filter>shader</Filter>
    </FxCompile>
    <FxCompile Include="HLSL\InstancesVertexShader.hlsl">
      <Filter>shader</Filter>
    </FxCompile>
  </ItemGroup>
  <ItemGroup>
    <ResourceCompile Include="myD3DProject.rc">
      <Filter>资源文件</Filter>
    </ResourceCompile>
  </ItemGroup>
</Project>